{
  "name": "uni-app",
  "version": "1.0.0",
  "lockfileVersion": 1,
  "requires": true,
  "dependencies": {
    "@dcloudio/uni-ui": {
      "version": "1.2.8",
      "resolved": "https://registry.npm.taobao.org/@dcloudio/uni-ui/download/@dcloudio/uni-ui-1.2.8.tgz",
      "integrity": "sha1-fzENJR3ybH54vzz/MCO2b7H3AgQ=",
      "dev": true
    },
    "uview-ui": {
      "version": "1.8.2",
      "resolved": "https://registry.npm.taobao.org/uview-ui/download/uview-ui-1.8.2.tgz",
      "integrity": "sha1-cB+jC+BwSv/zDNBINC23lgBKfck=",
      "dev": true
    }
  }
}
